PODS:
  - Nimble (5.1.1)
  - Quick (1.0.0)
  - SGDTestLog (0.1.0)

DEPENDENCIES:
  - Nimble
  - Quick
  - SGDTestLog (from `..`)

EXTERNAL SOURCES:
  SGDTestLog:
    :path: ".."

SPEC CHECKSUMS:
  Nimble: 415e3aa3267e7bc2c96b05fa814ddea7bb686a29
  Quick: 8024e4a47e6cc03a9d5245ef0948264fc6d27cff
  SGDTestLog: 5f5271e94b1d31c29c5ed2e50a8420638b1f8d0a

PODFILE CHECKSUM: 62680e05d86a9f67ba608bfc08192e10e223f660

COCOAPODS: 1.1.1
