PODS:
  - Nimble (7.0.1)
  - Quick (1.1.0)
  - SGDTestLog (0.1.1)

DEPENDENCIES:
  - Nimble
  - Quick
  - SGDTestLog (from `..`)

EXTERNAL SOURCES:
  SGDTestLog:
    :path: ".."

SPEC CHECKSUMS:
  Nimble: 657d000e11df8aebe27cdaf9d244de7f30ed87f7
  Quick: dafc587e21eed9f4cab3249b9f9015b0b7a7f71d
  SGDTestLog: caf10e2f4179a71651f777ac10473d9c0437fb8d

PODFILE CHECKSUM: b1c8797ec27ed25ee90f4d14e6eab758a34648d3

COCOAPODS: 1.2.1
