PODS:
  - Nimble (3.1.0)
  - Quick (0.8.0)
  - SGDTestLog (0.0.1)

DEPENDENCIES:
  - Nimble
  - Quick
  - SGDTestLog (from `.`)

EXTERNAL SOURCES:
  SGDTestLog:
    :path: "."

SPEC CHECKSUMS:
  Nimble: 79d40f4d69d47314229bbabacaa02b8838c779b9
  Quick: 563d0f6ec5f72e394645adb377708639b7dd38ab
  SGDTestLog: afe6c223c6c4955904c81f9c1d4689d69178de38

COCOAPODS: 0.39.0
