// !$*UTF8*$!
{
	archiveVersion = 1;
	classes = {
	};
	objectVersion = 46;
	objects = {

/* Begin PBXBuildFile section */
		26A2AAB11C50DDA2001488C3 /* AppDelegate.swift in Sources */ = {isa = PBXBuildFile; fileRef = 26A2AAB01C50DDA2001488C3 /* AppDelegate.swift */; };
		26A2AAB31C50DDA2001488C3 /* ViewController.swift in Sources */ = {isa = PBXBuildFile; fileRef = 26A2AAB21C50DDA2001488C3 /* ViewController.swift */; };
		26A2AAB61C50DDA2001488C3 /* Main.storyboard in Resources */ = {isa = PBXBuildFile; fileRef = 26A2AAB41C50DDA2001488C3 /* Main.storyboard */; };
		26A2AAB81C50DDA2001488C3 /* Assets.xcassets in Resources */ = {isa = PBXBuildFile; fileRef = 26A2AAB71C50DDA2001488C3 /* Assets.xcassets */; };
		26A2AABB1C50DDA2001488C3 /* LaunchScreen.storyboard in Resources */ = {isa = PBXBuildFile; fileRef = 26A2AAB91C50DDA2001488C3 /* LaunchScreen.storyboard */; };
		26A2AAD21C50DE7B001488C3 /* QuickSpecs.swift in Sources */ = {isa = PBXBuildFile; fileRef = 26A2AAD01C50DE7B001488C3 /* QuickSpecs.swift */; };
		26A2AAD31C50DE7B001488C3 /* XCTests.swift in Sources */ = {isa = PBXBuildFile; fileRef = 26A2AAD11C50DE7B001488C3 /* XCTests.swift */; };
		F1C5AEE7714FF1CC802CACB1 /* Pods_SGDTestLogTests.framework in Frameworks */ = {isa = PBXBuildFile; fileRef = 042B8DD13916D91B7ABB2348 /* Pods_SGDTestLogTests.framework */; };
/* End PBXBuildFile section */

/* Begin PBXContainerItemProxy section */
		26A2AAC21C50DDA2001488C3 /* PBXContainerItemProxy */ = {
			isa = PBXContainerItemProxy;
			containerPortal = 26A2AAA51C50DDA2001488C3 /* Project object */;
			proxyType = 1;
			remoteGlobalIDString = 26A2AAAC1C50DDA2001488C3;
			remoteInfo = SGDTestLog;
		};
/* End PBXContainerItemProxy section */

/* Begin PBXFileReference section */
		01790584B5CDEEAC61C8B816 /* Pods-SGDTestLogTests.debug.xcconfig */ = {isa = PBXFileReference; includeInIndex = 1; lastKnownFileType = text.xcconfig; name = "Pods-SGDTestLogTests.debug.xcconfig"; path = "Pods/Target Support Files/Pods-SGDTestLogTests/Pods-SGDTestLogTests.debug.xcconfig"; sourceTree = "<group>"; };
		042B8DD13916D91B7ABB2348 /* Pods_SGDTestLogTests.framework */ = {isa = PBXFileReference; explicitFileType = wrapper.framework; includeInIndex = 0; path = Pods_SGDTestLogTests.framework; sourceTree = BUILT_PRODUCTS_DIR; };
		26A2AAAD1C50DDA2001488C3 /* SGDTestLog.app */ = {isa = PBXFileReference; explicitFileType = wrapper.application; includeInIndex = 0; path = SGDTestLog.app; sourceTree = BUILT_PRODUCTS_DIR; };
		26A2AAB01C50DDA2001488C3 /* AppDelegate.swift */ = {isa = PBXFileReference; lastKnownFileType = sourcecode.swift; path = AppDelegate.swift; sourceTree = "<group>"; };
		26A2AAB21C50DDA2001488C3 /* ViewController.swift */ = {isa = PBXFileReference; lastKnownFileType = sourcecode.swift; path = ViewController.swift; sourceTree = "<group>"; };
		26A2AAB51C50DDA2001488C3 /* Base */ = {isa = PBXFileReference; lastKnownFileType = file.storyboard; name = Base; path = Base.lproj/Main.storyboard; sourceTree = "<group>"; };
		26A2AAB71C50DDA2001488C3 /* Assets.xcassets */ = {isa = PBXFileReference; lastKnownFileType = folder.assetcatalog; path = Assets.xcassets; sourceTree = "<group>"; };
		26A2AABA1C50DDA2001488C3 /* Base */ = {isa = PBXFileReference; lastKnownFileType = file.storyboard; name = Base; path = Base.lproj/LaunchScreen.storyboard; sourceTree = "<group>"; };
		26A2AABC1C50DDA2001488C3 /* Info.plist */ = {isa = PBXFileReference; lastKnownFileType = text.plist.xml; path = Info.plist; sourceTree = "<group>"; };
		26A2AAC11C50DDA2001488C3 /* SGDTestLogTests.xctest */ = {isa = PBXFileReference; explicitFileType = wrapper.cfbundle; includeInIndex = 0; path = SGDTestLogTests.xctest; sourceTree = BUILT_PRODUCTS_DIR; };
		26A2AAC71C50DDA2001488C3 /* Info.plist */ = {isa = PBXFileReference; lastKnownFileType = text.plist.xml; path = Info.plist; sourceTree = "<group>"; };
		26A2AAD01C50DE7B001488C3 /* QuickSpecs.swift */ = {isa = PBXFileReference; fileEncoding = 4; lastKnownFileType = sourcecode.swift; path = QuickSpecs.swift; sourceTree = "<group>"; };
		26A2AAD11C50DE7B001488C3 /* XCTests.swift */ = {isa = PBXFileReference; fileEncoding = 4; lastKnownFileType = sourcecode.swift; path = XCTests.swift; sourceTree = "<group>"; };
		B0F1B7E73B43028E4AD3EDAF /* Pods-SGDTestLogTests.release.xcconfig */ = {isa = PBXFileReference; includeInIndex = 1; lastKnownFileType = text.xcconfig; name = "Pods-SGDTestLogTests.release.xcconfig"; path = "Pods/Target Support Files/Pods-SGDTestLogTests/Pods-SGDTestLogTests.release.xcconfig"; sourceTree = "<group>"; };
/* End PBXFileReference section */

/* Begin PBXFrameworksBuildPhase section */
		26A2AAAA1C50DDA2001488C3 /* Frameworks */ = {
			isa = PBXFrameworksBuildPhase;
			buildActionMask = 2147483647;
			files = (
			);
			runOnlyForDeploymentPostprocessing = 0;
		};
		26A2AABE1C50DDA2001488C3 /* Frameworks */ = {
			isa = PBXFrameworksBuildPhase;
			buildActionMask = 2147483647;
			files = (
				F1C5AEE7714FF1CC802CACB1 /* Pods_SGDTestLogTests.framework in Frameworks */,
			);
			runOnlyForDeploymentPostprocessing = 0;
		};
/* End PBXFrameworksBuildPhase section */

/* Begin PBXGroup section */
		26A2AAA41C50DDA2001488C3 = {
			isa = PBXGroup;
			children = (
				26A2AAAF1C50DDA2001488C3 /* SGDTestLog */,
				26A2AAC41C50DDA2001488C3 /* SGDTestLogTests */,
				26A2AAAE1C50DDA2001488C3 /* Products */,
				4FDA00D4E420B09227994E4A /* Pods */,
				973AB9BF8C92D8B10A7B6B9E /* Frameworks */,
			);
			sourceTree = "<group>";
		};
		26A2AAAE1C50DDA2001488C3 /* Products */ = {
			isa = PBXGroup;
			children = (
				26A2AAAD1C50DDA2001488C3 /* SGDTestLog.app */,
				26A2AAC11C50DDA2001488C3 /* SGDTestLogTests.xctest */,
			);
			name = Products;
			sourceTree = "<group>";
		};
		26A2AAAF1C50DDA2001488C3 /* SGDTestLog */ = {
			isa = PBXGroup;
			children = (
				26A2AAB01C50DDA2001488C3 /* AppDelegate.swift */,
				26A2AAB21C50DDA2001488C3 /* ViewController.swift */,
				26A2AAB41C50DDA2001488C3 /* Main.storyboard */,
				26A2AAB71C50DDA2001488C3 /* Assets.xcassets */,
				26A2AAB91C50DDA2001488C3 /* LaunchScreen.storyboard */,
				26A2AABC1C50DDA2001488C3 /* Info.plist */,
			);
			path = SGDTestLog;
			sourceTree = "<group>";
		};
		26A2AAC41C50DDA2001488C3 /* SGDTestLogTests */ = {
			isa = PBXGroup;
			children = (
				26A2AAD01C50DE7B001488C3 /* QuickSpecs.swift */,
				26A2AAD11C50DE7B001488C3 /* XCTests.swift */,
				26A2AAC71C50DDA2001488C3 /* Info.plist */,
			);
			path = SGDTestLogTests;
			sourceTree = "<group>";
		};
		4FDA00D4E420B09227994E4A /* Pods */ = {
			isa = PBXGroup;
			children = (
				01790584B5CDEEAC61C8B816 /* Pods-SGDTestLogTests.debug.xcconfig */,
				B0F1B7E73B43028E4AD3EDAF /* Pods-SGDTestLogTests.release.xcconfig */,
			);
			name = Pods;
			sourceTree = "<group>";
		};
		973AB9BF8C92D8B10A7B6B9E /* Frameworks */ = {
			isa = PBXGroup;
			children = (
				042B8DD13916D91B7ABB2348 /* Pods_SGDTestLogTests.framework */,
			);
			name = Frameworks;
			sourceTree = "<group>";
		};
/* End PBXGroup section */

/* Begin PBXNativeTarget section */
		26A2AAAC1C50DDA2001488C3 /* SGDTestLog */ = {
			isa = PBXNativeTarget;
			buildConfigurationList = 26A2AACA1C50DDA2001488C3 /* Build configuration list for PBXNativeTarget "SGDTestLog" */;
			buildPhases = (
				26A2AAA91C50DDA2001488C3 /* Sources */,
				26A2AAAA1C50DDA2001488C3 /* Frameworks */,
				26A2AAAB1C50DDA2001488C3 /* Resources */,
			);
			buildRules = (
			);
			dependencies = (
			);
			name = SGDTestLog;
			productName = SGDTestLog;
			productReference = 26A2AAAD1C50DDA2001488C3 /* SGDTestLog.app */;
			productType = "com.apple.product-type.application";
		};
		26A2AAC01C50DDA2001488C3 /* SGDTestLogTests */ = {
			isa = PBXNativeTarget;
			buildConfigurationList = 26A2AACD1C50DDA2001488C3 /* Build configuration list for PBXNativeTarget "SGDTestLogTests" */;
			buildPhases = (
				5DEF9382E12B875B4F5C4488 /* Check Pods Manifest.lock */,
				26A2AABD1C50DDA2001488C3 /* Sources */,
				26A2AABE1C50DDA2001488C3 /* Frameworks */,
				26A2AABF1C50DDA2001488C3 /* Resources */,
				F4073C19720042CCC9084870 /* Embed Pods Frameworks */,
				96834C5448B452F2682E0AF9 /* Copy Pods Resources */,
			);
			buildRules = (
			);
			dependencies = (
				26A2AAC31C50DDA2001488C3 /* PBXTargetDependency */,
			);
			name = SGDTestLogTests;
			productName = SGDTestLogTests;
			productReference = 26A2AAC11C50DDA2001488C3 /* SGDTestLogTests.xctest */;
			productType = "com.apple.product-type.bundle.unit-test";
		};
/* End PBXNativeTarget section */

/* Begin PBXProject section */
		26A2AAA51C50DDA2001488C3 /* Project object */ = {
			isa = PBXProject;
			attributes = {
				LastSwiftUpdateCheck = 0720;
				LastUpgradeCheck = 0720;
				ORGANIZATIONNAME = Sangen;
				TargetAttributes = {
					26A2AAAC1C50DDA2001488C3 = {
						CreatedOnToolsVersion = 7.2;
					};
					26A2AAC01C50DDA2001488C3 = {
						CreatedOnToolsVersion = 7.2;
						TestTargetID = 26A2AAAC1C50DDA2001488C3;
					};
				};
			};
			buildConfigurationList = 26A2AAA81C50DDA2001488C3 /* Build configuration list for PBXProject "SGDTestLog" */;
			compatibilityVersion = "Xcode 3.2";
			developmentRegion = English;
			hasScannedForEncodings = 0;
			knownRegions = (
				en,
				Base,
			);
			mainGroup = 26A2AAA41C50DDA2001488C3;
			productRefGroup = 26A2AAAE1C50DDA2001488C3 /* Products */;
			projectDirPath = "";
			projectRoot = "";
			targets = (
				26A2AAAC1C50DDA2001488C3 /* SGDTestLog */,
				26A2AAC01C50DDA2001488C3 /* SGDTestLogTests */,
			);
		};
/* End PBXProject section */

/* Begin PBXResourcesBuildPhase section */
		26A2AAAB1C50DDA2001488C3 /* Resources */ = {
			isa = PBXResourcesBuildPhase;
			buildActionMask = 2147483647;
			files = (
				26A2AABB1C50DDA2001488C3 /* LaunchScreen.storyboard in Resources */,
				26A2AAB81C50DDA2001488C3 /* Assets.xcassets in Resources */,
				26A2AAB61C50DDA2001488C3 /* Main.storyboard in Resources */,
			);
			runOnlyForDeploymentPostprocessing = 0;
		};
		26A2AABF1C50DDA2001488C3 /* Resources */ = {
			isa = PBXResourcesBuildPhase;
			buildActionMask = 2147483647;
			files = (
			);
			runOnlyForDeploymentPostprocessing = 0;
		};
/* End PBXResourcesBuildPhase section */

/* Begin PBXShellScriptBuildPhase section */
		5DEF9382E12B875B4F5C4488 /* Check Pods Manifest.lock */ = {
			isa = PBXShellScriptBuildPhase;
			buildActionMask = 2147483647;
			files = (
			);
			inputPaths = (
			);
			name = "Check Pods Manifest.lock";
			outputPaths = (
			);
			runOnlyForDeploymentPostprocessing = 0;
			shellPath = /bin/sh;
			shellScript = "diff \"${PODS_ROOT}/../Podfile.lock\" \"${PODS_ROOT}/Manifest.lock\" > /dev/null\nif [[ $? != 0 ]] ; then\n    cat << EOM\nerror: The sandbox is not in sync with the Podfile.lock. Run 'pod install' or update your CocoaPods installation.\nEOM\n    exit 1\nfi\n";
			showEnvVarsInLog = 0;
		};
		96834C5448B452F2682E0AF9 /* Copy Pods Resources */ = {
			isa = PBXShellScriptBuildPhase;
			buildActionMask = 2147483647;
			files = (
			);
			inputPaths = (
			);
			name = "Copy Pods Resources";
			outputPaths = (
			);
			runOnlyForDeploymentPostprocessing = 0;
			shellPath = /bin/sh;
			shellScript = "\"${SRCROOT}/Pods/Target Support Files/Pods-SGDTestLogTests/Pods-SGDTestLogTests-resources.sh\"\n";
			showEnvVarsInLog = 0;
		};
		F4073C19720042CCC9084870 /* Embed Pods Frameworks */ = {
			isa = PBXShellScriptBuildPhase;
			buildActionMask = 2147483647;
			files = (
			);
			inputPaths = (
			);
			name = "Embed Pods Frameworks";
			outputPaths = (
			);
			runOnlyForDeploymentPostprocessing = 0;
			shellPath = /bin/sh;
			shellScript = "\"${SRCROOT}/Pods/Target Support Files/Pods-SGDTestLogTests/Pods-SGDTestLogTests-frameworks.sh\"\n";
			showEnvVarsInLog = 0;
		};
/* End PBXShellScriptBuildPhase section */

/* Begin PBXSourcesBuildPhase section */
		26A2AAA91C50DDA2001488C3 /* Sources */ = {
			isa = PBXSourcesBuildPhase;
			buildActionMask = 2147483647;
			files = (
				26A2AAB31C50DDA2001488C3 /* ViewController.swift in Sources */,
				26A2AAB11C50DDA2001488C3 /* AppDelegate.swift in Sources */,
			);
			runOnlyForDeploymentPostprocessing = 0;
		};
		26A2AABD1C50DDA2001488C3 /* Sources */ = {
			isa = PBXSourcesBuildPhase;
			buildActionMask = 2147483647;
			files = (
				26A2AAD31C50DE7B001488C3 /* XCTests.swift in Sources */,
				26A2AAD21C50DE7B001488C3 /* QuickSpecs.swift in Sources */,
			);
			runOnlyForDeploymentPostprocessing = 0;
		};
/* End PBXSourcesBuildPhase section */

/* Begin PBXTargetDependency section */
		26A2AAC31C50DDA2001488C3 /* PBXTargetDependency */ = {
			isa = PBXTargetDependency;
			target = 26A2AAAC1C50DDA2001488C3 /* SGDTestLog */;
			targetProxy = 26A2AAC21C50DDA2001488C3 /* PBXContainerItemProxy */;
		};
/* End PBXTargetDependency section */

/* Begin PBXVariantGroup section */
		26A2AAB41C50DDA2001488C3 /* Main.storyboard */ = {
			isa = PBXVariantGroup;
			children = (
				26A2AAB51C50DDA2001488C3 /* Base */,
			);
			name = Main.storyboard;
			sourceTree = "<group>";
		};
		26A2AAB91C50DDA2001488C3 /* LaunchScreen.storyboard */ = {
			isa = PBXVariantGroup;
			children = (
				26A2AABA1C50DDA2001488C3 /* Base */,
			);
			name = LaunchScreen.storyboard;
			sourceTree = "<group>";
		};
/* End PBXVariantGroup section */

/* Begin XCBuildConfiguration section */
		26A2AAC81C50DDA2001488C3 /* Debug */ = {
			isa = XCBuildConfiguration;
			buildSettings = {
				ALWAYS_SEARCH_USER_PATHS = NO;
				CLANG_CXX_LANGUAGE_STANDARD = "gnu++0x";
				CLANG_CXX_LIBRARY = "libc++";
				CLANG_ENABLE_MODULES = YES;
				CLANG_ENABLE_OBJC_ARC = YES;
				CLANG_WARN_BOOL_CONVERSION = YES;
				CLANG_WARN_CONSTANT_CONVERSION = YES;
				CLANG_WARN_DIRECT_OBJC_ISA_USAGE = YES_ERROR;
				CLANG_WARN_EMPTY_BODY = YES;
				CLANG_WARN_ENUM_CONVERSION = YES;
				CLANG_WARN_INT_CONVERSION = YES;
				CLANG_WARN_OBJC_ROOT_CLASS = YES_ERROR;
				CLANG_WARN_UNREACHABLE_CODE = YES;
				CLANG_WARN__DUPLICATE_METHOD_MATCH = YES;
				"CODE_SIGN_IDENTITY[sdk=iphoneos*]" = "iPhone Developer";
				COPY_PHASE_STRIP = NO;
				DEBUG_INFORMATION_FORMAT = dwarf;
				ENABLE_STRICT_OBJC_MSGSEND = YES;
				ENABLE_TESTABILITY = YES;
				GCC_C_LANGUAGE_STANDARD = gnu99;
				GCC_DYNAMIC_NO_PIC = NO;
				GCC_NO_COMMON_BLOCKS = YES;
				GCC_OPTIMIZATION_LEVEL = 0;
				GCC_PREPROCESSOR_DEFINITIONS = (
					"DEBUG=1",
					"$(inherited)",
				);
				GCC_WARN_64_TO_32_BIT_CONVERSION = YES;
				GCC_WARN_ABOUT_RETURN_TYPE = YES_ERROR;
				GCC_WARN_UNDECLARED_SELECTOR = YES;
				GCC_WARN_UNINITIALIZED_AUTOS = YES_AGGRESSIVE;
				GCC_WARN_UNUSED_FUNCTION = YES;
				GCC_WARN_UNUSED_VARIABLE = YES;
				IPHONEOS_DEPLOYMENT_TARGET = 9.2;
				MTL_ENABLE_DEBUG_INFO = YES;
				ONLY_ACTIVE_ARCH = YES;
				SDKROOT = iphoneos;
				SWIFT_OPTIMIZATION_LEVEL = "-Onone";
			};
			name = Debug;
		};
		26A2AAC91C50DDA2001488C3 /* Release */ = {
			isa = XCBuildConfiguration;
			buildSettings = {
				ALWAYS_SEARCH_USER_PATHS = NO;
				CLANG_CXX_LANGUAGE_STANDARD = "gnu++0x";
				CLANG_CXX_LIBRARY = "libc++";
				CLANG_ENABLE_MODULES = YES;
				CLANG_ENABLE_OBJC_ARC = YES;
				CLANG_WARN_BOOL_CONVERSION = YES;
				CLANG_WARN_CONSTANT_CONVERSION = YES;
				CLANG_WARN_DIRECT_OBJC_ISA_USAGE = YES_ERROR;
				CLANG_WARN_EMPTY_BODY = YES;
				CLANG_WARN_ENUM_CONVERSION = YES;
				CLANG_WARN_INT_CONVERSION = YES;
				CLANG_WARN_OBJC_ROOT_CLASS = YES_ERROR;
				CLANG_WARN_UNREACHABLE_CODE = YES;
				CLANG_WARN__DUPLICATE_METHOD_MATCH = YES;
				"CODE_SIGN_IDENTITY[sdk=iphoneos*]" = "iPhone Developer";
				COPY_PHASE_STRIP = NO;
				DEBUG_INFORMATION_FORMAT = "dwarf-with-dsym";
				ENABLE_NS_ASSERTIONS = NO;
				ENABLE_STRICT_OBJC_MSGSEND = YES;
				GCC_C_LANGUAGE_STANDARD = gnu99;
				GCC_NO_COMMON_BLOCKS = YES;
				GCC_WARN_64_TO_32_BIT_CONVERSION = YES;
				GCC_WARN_ABOUT_RETURN_TYPE = YES_ERROR;
				GCC_WARN_UNDECLARED_SELECTOR = YES;
				GCC_WARN_UNINITIALIZED_AUTOS = YES_AGGRESSIVE;
				GCC_WARN_UNUSED_FUNCTION = YES;
				GCC_WARN_UNUSED_VARIABLE = YES;
				IPHONEOS_DEPLOYMENT_TARGET = 9.2;
				MTL_ENABLE_DEBUG_INFO = NO;
				SDKROOT = iphoneos;
				VALIDATE_PRODUCT = YES;
			};
			name = Release;
		};
		26A2AACB1C50DDA2001488C3 /* Debug */ = {
			isa = XCBuildConfiguration;
			buildSettings = {
				ASSETCATALOG_COMPILER_APPICON_NAME = AppIcon;
				INFOPLIST_FILE = SGDTestLog/Info.plist;
				LD_RUNPATH_SEARCH_PATHS = "$(inherited) @executable_path/Frameworks";
				PRODUCT_BUNDLE_IDENTIFIER = jp.co.robit.SGDTestLog;
				PRODUCT_NAME = "$(TARGET_NAME)";
			};
			name = Debug;
		};
		26A2AACC1C50DDA2001488C3 /* Release */ = {
			isa = XCBuildConfiguration;
			buildSettings = {
				ASSETCATALOG_COMPILER_APPICON_NAME = AppIcon;
				INFOPLIST_FILE = SGDTestLog/Info.plist;
				LD_RUNPATH_SEARCH_PATHS = "$(inherited) @executable_path/Frameworks";
				PRODUCT_BUNDLE_IDENTIFIER = jp.co.robit.SGDTestLog;
				PRODUCT_NAME = "$(TARGET_NAME)";
			};
			name = Release;
		};
		26A2AACE1C50DDA2001488C3 /* Debug */ = {
			isa = XCBuildConfiguration;
			baseConfigurationReference = 01790584B5CDEEAC61C8B816 /* Pods-SGDTestLogTests.debug.xcconfig */;
			buildSettings = {
				BUNDLE_LOADER = "$(TEST_HOST)";
				CLANG_ENABLE_MODULES = YES;
				INFOPLIST_FILE = SGDTestLogTests/Info.plist;
				LD_RUNPATH_SEARCH_PATHS = "$(inherited) @executable_path/Frameworks @loader_path/Frameworks";
				PRODUCT_BUNDLE_IDENTIFIER = jp.co.robit.SGDTestLogTests;
				PRODUCT_NAME = "$(TARGET_NAME)";
				SWIFT_OPTIMIZATION_LEVEL = "-Onone";
				TEST_HOST = "$(BUILT_PRODUCTS_DIR)/SGDTestLog.app/SGDTestLog";
			};
			name = Debug;
		};
		26A2AACF1C50DDA2001488C3 /* Release */ = {
			isa = XCBuildConfiguration;
			baseConfigurationReference = B0F1B7E73B43028E4AD3EDAF /* Pods-SGDTestLogTests.release.xcconfig */;
			buildSettings = {
				BUNDLE_LOADER = "$(TEST_HOST)";
				CLANG_ENABLE_MODULES = YES;
				INFOPLIST_FILE = SGDTestLogTests/Info.plist;
				LD_RUNPATH_SEARCH_PATHS = "$(inherited) @executable_path/Frameworks @loader_path/Frameworks";
				PRODUCT_BUNDLE_IDENTIFIER = jp.co.robit.SGDTestLogTests;
				PRODUCT_NAME = "$(TARGET_NAME)";
				TEST_HOST = "$(BUILT_PRODUCTS_DIR)/SGDTestLog.app/SGDTestLog";
			};
			name = Release;
		};
/* End XCBuildConfiguration section */

/* Begin XCConfigurationList section */
		26A2AAA81C50DDA2001488C3 /* Build configuration list for PBXProject "SGDTestLog" */ = {
			isa = XCConfigurationList;
			buildConfigurations = (
				26A2AAC81C50DDA2001488C3 /* Debug */,
				26A2AAC91C50DDA2001488C3 /* Release */,
			);
			defaultConfigurationIsVisible = 0;
			defaultConfigurationName = Release;
		};
		26A2AACA1C50DDA2001488C3 /* Build configuration list for PBXNativeTarget "SGDTestLog" */ = {
			isa = XCConfigurationList;
			buildConfigurations = (
				26A2AACB1C50DDA2001488C3 /* Debug */,
				26A2AACC1C50DDA2001488C3 /* Release */,
			);
			defaultConfigurationIsVisible = 0;
			defaultConfigurationName = Release;
		};
		26A2AACD1C50DDA2001488C3 /* Build configuration list for PBXNativeTarget "SGDTestLogTests" */ = {
			isa = XCConfigurationList;
			buildConfigurations = (
				26A2AACE1C50DDA2001488C3 /* Debug */,
				26A2AACF1C50DDA2001488C3 /* Release */,
			);
			defaultConfigurationIsVisible = 0;
			defaultConfigurationName = Release;
		};
/* End XCConfigurationList section */
	};
	rootObject = 26A2AAA51C50DDA2001488C3 /* Project object */;
}
